
Microsoft Visual Studio Solution File, Format Version 12.00
# Visual Studio Version 16
VisualStudioVersion = 16.0.31624.102
MinimumVisualStudioVersion = 10.0.40219.1
Project("{FAE04EC0-301F-11D3-BF4B-00C04F79EFBC}") = "Airplane", "Airplane\Airplane.csproj", "{F9F03A82-5552-4BEB-B9AF-856D776FD0FD}"
EndProject
Global
	GlobalSection(SolutionConfigurationPlatforms) = preSolution
		Debug|Any CPU = Debug|Any CPU
		Release|Any CPU = Release|Any CPU
	EndGlobalSection
	GlobalSection(ProjectConfigurationPlatforms) = postSolution
		{F9F03A82-5552-4BEB-B9AF-856D776FD0FD}.Debug|Any CPU.ActiveCfg = Debug|Any CPU
		{F9F03A82-5552-4BEB-B9AF-856D776FD0FD}.Debug|Any CPU.Build.0 = Debug|Any CPU
		{F9F03A82-5552-4BEB-B9AF-856D776FD0FD}.Release|Any CPU.ActiveCfg = Release|Any CPU
		{F9F03A82-5552-4BEB-B9AF-856D776FD0FD}.Release|Any CPU.Build.0 = Release|Any CPU
	EndGlobalSection
	GlobalSection(SolutionProperties) = preSolution
		HideSolutionNode = FALSE
	EndGlobalSection
	GlobalSection(ExtensibilityGlobals) = postSolution
		SolutionGuid = {FD616143-2009-4ACF-835C-17C351F802D7}
	EndGlobalSection
EndGlobal
