
Microsoft Visual Studio Solution File, Format Version 12.00
# Visual Studio Version 17
VisualStudioVersion = 17.1.32421.90
MinimumVisualStudioVersion = 10.0.40219.1
Project("{FAE04EC0-301F-11D3-BF4B-00C04F79EFBC}") = "Waldwunder_mit_lukas", "Waldwunder_mit_lukas\Waldwunder_mit_lukas.csproj", "{FCBD3BA9-A7CC-4EA0-80A0-E8CA5ECC8095}"
EndProject
Global
	GlobalSection(SolutionConfigurationPlatforms) = preSolution
		Debug|Any CPU = Debug|Any CPU
		Release|Any CPU = Release|Any CPU
	EndGlobalSection
	GlobalSection(ProjectConfigurationPlatforms) = postSolution
		{FCBD3BA9-A7CC-4EA0-80A0-E8CA5ECC8095}.Debug|Any CPU.ActiveCfg = Debug|Any CPU
		{FCBD3BA9-A7CC-4EA0-80A0-E8CA5ECC8095}.Debug|Any CPU.Build.0 = Debug|Any CPU
		{FCBD3BA9-A7CC-4EA0-80A0-E8CA5ECC8095}.Release|Any CPU.ActiveCfg = Release|Any CPU
		{FCBD3BA9-A7CC-4EA0-80A0-E8CA5ECC8095}.Release|Any CPU.Build.0 = Release|Any CPU
	EndGlobalSection
	GlobalSection(SolutionProperties) = preSolution
		HideSolutionNode = FALSE
	EndGlobalSection
	GlobalSection(ExtensibilityGlobals) = postSolution
		SolutionGuid = {00BF029C-5961-469D-B293-B5140E4F1799}
	EndGlobalSection
EndGlobal
