
Microsoft Visual Studio Solution File, Format Version 12.00
# Visual Studio Version 17
VisualStudioVersion = 17.1.32421.90
MinimumVisualStudioVersion = 10.0.40219.1
Project("{FAE04EC0-301F-11D3-BF4B-00C04F79EFBC}") = "AbstractFactory", "AbstractFactory\AbstractFactory.csproj", "{562FEFBD-E48E-40C8-A65E-9488A55BB53F}"
EndProject
Global
	GlobalSection(SolutionConfigurationPlatforms) = preSolution
		Debug|Any CPU = Debug|Any CPU
		Release|Any CPU = Release|Any CPU
	EndGlobalSection
	GlobalSection(ProjectConfigurationPlatforms) = postSolution
		{562FEFBD-E48E-40C8-A65E-9488A55BB53F}.Debug|Any CPU.ActiveCfg = Debug|Any CPU
		{562FEFBD-E48E-40C8-A65E-9488A55BB53F}.Debug|Any CPU.Build.0 = Debug|Any CPU
		{562FEFBD-E48E-40C8-A65E-9488A55BB53F}.Release|Any CPU.ActiveCfg = Release|Any CPU
		{562FEFBD-E48E-40C8-A65E-9488A55BB53F}.Release|Any CPU.Build.0 = Release|Any CPU
	EndGlobalSection
	GlobalSection(SolutionProperties) = preSolution
		HideSolutionNode = FALSE
	EndGlobalSection
	GlobalSection(ExtensibilityGlobals) = postSolution
		SolutionGuid = {A79B4446-A5A8-4C41-B656-C99E726C3228}
	EndGlobalSection
EndGlobal
