
Microsoft Visual Studio Solution File, Format Version 12.00
# Visual Studio Version 16
VisualStudioVersion = 16.0.31624.102
MinimumVisualStudioVersion = 10.0.40219.1
Project("{FAE04EC0-301F-11D3-BF4B-00C04F79EFBC}") = "Datenbank_2", "Datenbank_2\Datenbank_2.csproj", "{9F1319C0-1634-4BE4-9218-3A72759331B5}"
EndProject
Global
	GlobalSection(SolutionConfigurationPlatforms) = preSolution
		Debug|Any CPU = Debug|Any CPU
		Release|Any CPU = Release|Any CPU
	EndGlobalSection
	GlobalSection(ProjectConfigurationPlatforms) = postSolution
		{9F1319C0-1634-4BE4-9218-3A72759331B5}.Debug|Any CPU.ActiveCfg = Debug|Any CPU
		{9F1319C0-1634-4BE4-9218-3A72759331B5}.Debug|Any CPU.Build.0 = Debug|Any CPU
		{9F1319C0-1634-4BE4-9218-3A72759331B5}.Release|Any CPU.ActiveCfg = Release|Any CPU
		{9F1319C0-1634-4BE4-9218-3A72759331B5}.Release|Any CPU.Build.0 = Release|Any CPU
	EndGlobalSection
	GlobalSection(SolutionProperties) = preSolution
		HideSolutionNode = FALSE
	EndGlobalSection
	GlobalSection(ExtensibilityGlobals) = postSolution
		SolutionGuid = {91E48498-0AF3-486E-84A3-35AAA4587D43}
	EndGlobalSection
EndGlobal
