
Microsoft Visual Studio Solution File, Format Version 12.00
# Visual Studio Version 17
VisualStudioVersion = 17.1.32421.90
MinimumVisualStudioVersion = 10.0.40219.1
Project("{FAE04EC0-301F-11D3-BF4B-00C04F79EFBC}") = "Waldwunder_Lukas_Lehrer", "Waldwunder_Lukas_Lehrer\Waldwunder_Lukas_Lehrer.csproj", "{38CAD3F6-38BB-4FFF-9B4B-ED3975ACAC2A}"
EndProject
Global
	GlobalSection(SolutionConfigurationPlatforms) = preSolution
		Debug|Any CPU = Debug|Any CPU
		Release|Any CPU = Release|Any CPU
	EndGlobalSection
	GlobalSection(ProjectConfigurationPlatforms) = postSolution
		{38CAD3F6-38BB-4FFF-9B4B-ED3975ACAC2A}.Debug|Any CPU.ActiveCfg = Debug|Any CPU
		{38CAD3F6-38BB-4FFF-9B4B-ED3975ACAC2A}.Debug|Any CPU.Build.0 = Debug|Any CPU
		{38CAD3F6-38BB-4FFF-9B4B-ED3975ACAC2A}.Release|Any CPU.ActiveCfg = Release|Any CPU
		{38CAD3F6-38BB-4FFF-9B4B-ED3975ACAC2A}.Release|Any CPU.Build.0 = Release|Any CPU
	EndGlobalSection
	GlobalSection(SolutionProperties) = preSolution
		HideSolutionNode = FALSE
	EndGlobalSection
	GlobalSection(ExtensibilityGlobals) = postSolution
		SolutionGuid = {20EE39F0-8E03-405A-8831-D80D62ECBD02}
	EndGlobalSection
EndGlobal
